# This file is automatically @generated by Cargo.
# It is not intended for manual editing.
version = 4

[[package]]
name = "harness-api"
version = "0.0.0"

[[package]]
name = "harness-brain"
version = "0.0.0"

[[package]]
name = "harness-capabilities"
version = "0.0.0"

[[package]]
name = "harness-cli"
version = "0.0.0"

[[package]]
name = "harness-core"
version = "0.0.0"

[[package]]
name = "harness-cost"
version = "0.0.0"

[[package]]
name = "harness-daemon"
version = "0.0.0"

[[package]]
name = "harness-merge"
version = "0.0.0"

[[package]]
name = "harness-mesh"
version = "0.0.0"

[[package]]
name = "harness-orchestrator"
version = "0.0.0"

[[package]]
name = "harness-policy"
version = "0.0.0"

[[package]]
name = "harness-store"
version = "0.0.0"

[[package]]
name = "harness-ui"
version = "0.0.0"
